// !$*UTF8*$!
{
	archiveVersion = 1;
	classes = {
	};
	objectVersion = 77;
	objects = {

/* Begin PBXBuildFile section */
		D101D83A2CC9DBE600D4DDF6 /* CameraManagerFrameWork.h in Headers */ = {isa = PBXBuildFile; fileRef = D101D8382CC9DBE600D4DDF6 /* CameraManagerFrameWork.h */; settings = {ATTRIBUTES = (Public, ); }; };
		D101D83C2CC9DBFD00D4DDF6 /* CameraManager.swift in Sources */ = {isa = PBXBuildFile; fileRef = D101D83B2CC9DBFD00D4DDF6 /* CameraManager.swift */; };
		D101D8472CC9DC2A00D4DDF6 /* CameraManagerFrameWorkDelegate.swift in Sources */ = {isa = PBXBuildFile; fileRef = D101D8412CC9DC2A00D4DDF6 /* CameraManagerFrameWorkDelegate.swift */; };
		D101D84A2CC9DC2A00D4DDF6 /* CameraModeEnum.swift in Sources */ = {isa = PBXBuildFile; fileRef = D101D83D2CC9DC2A00D4DDF6 /* CameraModeEnum.swift */; };
		D101D8532CC9DD4E00D4DDF6 /* MultiCameraView.swift in Sources */ = {isa = PBXBuildFile; fileRef = D101D8502CC9DD4E00D4DDF6 /* MultiCameraView.swift */; };
		D101D8552CC9DD4E00D4DDF6 /* UIKitViewRepresentable.swift in Sources */ = {isa = PBXBuildFile; fileRef = D101D8512CC9DD4E00D4DDF6 /* UIKitViewRepresentable.swift */; };
		D101D8562CC9DD4E00D4DDF6 /* Vertex.swift in Sources */ = {isa = PBXBuildFile; fileRef = D101D84E2CC9DD4E00D4DDF6 /* Vertex.swift */; };
		D101D8572CC9DD4E00D4DDF6 /* CameraMetalView.swift in Sources */ = {isa = PBXBuildFile; fileRef = D101D84F2CC9DD4E00D4DDF6 /* CameraMetalView.swift */; };
		D101D85E2CC9E89400D4DDF6 /* CameraInterFace.swift in Sources */ = {isa = PBXBuildFile; fileRef = D101D85D2CC9E89400D4DDF6 /* CameraInterFace.swift */; };
		D101D8602CC9E90700D4DDF6 /* CameraRendering.swift in Sources */ = {isa = PBXBuildFile; fileRef = D101D85F2CC9E90700D4DDF6 /* CameraRendering.swift */; };
		D101D8622CC9E91A00D4DDF6 /* CameraDevice.swift in Sources */ = {isa = PBXBuildFile; fileRef = D101D8612CC9E91A00D4DDF6 /* CameraDevice.swift */; };
		D101D89F2CCA1EFC00D4DDF6 /* CameraMetalShader.metal in Sources */ = {isa = PBXBuildFile; fileRef = D101D89E2CCA1EFC00D4DDF6 /* CameraMetalShader.metal */; };
		D1241A1B2CCB8B7000812E45 /* CameraOptions.swift in Sources */ = {isa = PBXBuildFile; fileRef = D1241A1A2CCB8B7000812E45 /* CameraOptions.swift */; };
		D1274AFC2CD47BED00D18070 /* CameraManagerFrameWork.docc in Sources */ = {isa = PBXBuildFile; fileRef = D1274AFB2CD47BED00D18070 /* CameraManagerFrameWork.docc */; };
		D15BDB952CD532E300C9B43E /* LogManager.xcframework in Frameworks */ = {isa = PBXBuildFile; fileRef = D170EDAB2CD5206700EB4FF4 /* LogManager.xcframework */; };
		D15BDB962CD532E300C9B43E /* LogManager.xcframework in Embed Frameworks */ = {isa = PBXBuildFile; fileRef = D170EDAB2CD5206700EB4FF4 /* LogManager.xcframework */; settings = {ATTRIBUTES = (CodeSignOnCopy, RemoveHeadersOnCopy, ); }; };
		D1E69F072CCA34D000F01132 /* CameraMetalShader.metallib in Resources */ = {isa = PBXBuildFile; fileRef = D1E69F062CCA34D000F01132 /* CameraMetalShader.metallib */; };
/* End PBXBuildFile section */

/* Begin PBXCopyFilesBuildPhase section */
		D15BDB972CD532E300C9B43E /* Embed Frameworks */ = {
			isa = PBXCopyFilesBuildPhase;
			buildActionMask = 2147483647;
			dstPath = "";
			dstSubfolderSpec = 10;
			files = (
				D15BDB962CD532E300C9B43E /* LogManager.xcframework in Embed Frameworks */,
			);
			name = "Embed Frameworks";
			runOnlyForDeploymentPostprocessing = 0;
		};
/* End PBXCopyFilesBuildPhase section */

/* Begin PBXFileReference section */
		D101D82D2CC9DBE200D4DDF6 /* CameraManagerFrameWork.framework */ = {isa = PBXFileReference; explicitFileType = wrapper.framework; includeInIndex = 0; path = CameraManagerFrameWork.framework; sourceTree = BUILT_PRODUCTS_DIR; };
		D101D8382CC9DBE600D4DDF6 /* CameraManagerFrameWork.h */ = {isa = PBXFileReference; lastKnownFileType = sourcecode.c.h; path = CameraManagerFrameWork.h; sourceTree = "<group>"; };
		D101D83B2CC9DBFD00D4DDF6 /* CameraManager.swift */ = {isa = PBXFileReference; lastKnownFileType = sourcecode.swift; path = CameraManager.swift; sourceTree = "<group>"; };
		D101D83D2CC9DC2A00D4DDF6 /* CameraModeEnum.swift */ = {isa = PBXFileReference; lastKnownFileType = sourcecode.swift; path = CameraModeEnum.swift; sourceTree = "<group>"; };
		D101D8412CC9DC2A00D4DDF6 /* CameraManagerFrameWorkDelegate.swift */ = {isa = PBXFileReference; lastKnownFileType = sourcecode.swift; path = CameraManagerFrameWorkDelegate.swift; sourceTree = "<group>"; };
		D101D84E2CC9DD4E00D4DDF6 /* Vertex.swift */ = {isa = PBXFileReference; lastKnownFileType = sourcecode.swift; path = Vertex.swift; sourceTree = "<group>"; };
		D101D84F2CC9DD4E00D4DDF6 /* CameraMetalView.swift */ = {isa = PBXFileReference; lastKnownFileType = sourcecode.swift; path = CameraMetalView.swift; sourceTree = "<group>"; };
		D101D8502CC9DD4E00D4DDF6 /* MultiCameraView.swift */ = {isa = PBXFileReference; lastKnownFileType = sourcecode.swift; path = MultiCameraView.swift; sourceTree = "<group>"; };
		D101D8512CC9DD4E00D4DDF6 /* UIKitViewRepresentable.swift */ = {isa = PBXFileReference; lastKnownFileType = sourcecode.swift; path = UIKitViewRepresentable.swift; sourceTree = "<group>"; };
		D101D85D2CC9E89400D4DDF6 /* CameraInterFace.swift */ = {isa = PBXFileReference; lastKnownFileType = sourcecode.swift; path = CameraInterFace.swift; sourceTree = "<group>"; };
		D101D85F2CC9E90700D4DDF6 /* CameraRendering.swift */ = {isa = PBXFileReference; lastKnownFileType = sourcecode.swift; path = CameraRendering.swift; sourceTree = "<group>"; };
		D101D8612CC9E91A00D4DDF6 /* CameraDevice.swift */ = {isa = PBXFileReference; lastKnownFileType = sourcecode.swift; path = CameraDevice.swift; sourceTree = "<group>"; };
		D101D89E2CCA1EFC00D4DDF6 /* CameraMetalShader.metal */ = {isa = PBXFileReference; lastKnownFileType = sourcecode.metal; path = CameraMetalShader.metal; sourceTree = "<group>"; };
		D1241A1A2CCB8B7000812E45 /* CameraOptions.swift */ = {isa = PBXFileReference; lastKnownFileType = sourcecode.swift; path = CameraOptions.swift; sourceTree = "<group>"; };
		D1274AFB2CD47BED00D18070 /* CameraManagerFrameWork.docc */ = {isa = PBXFileReference; lastKnownFileType = folder.documentationcatalog; path = CameraManagerFrameWork.docc; sourceTree = "<group>"; };
		D170EDAB2CD5206700EB4FF4 /* LogManager.xcframework */ = {isa = PBXFileReference; lastKnownFileType = wrapper.xcframework; name = LogManager.xcframework; path = CameraManagerFrameWork/LogManager.xcframework; sourceTree = "<group>"; };
		D1E69F062CCA34D000F01132 /* CameraMetalShader.metallib */ = {isa = PBXFileReference; lastKnownFileType = "archive.metal-library"; path = CameraMetalShader.metallib; sourceTree = "<group>"; };
/* End PBXFileReference section */

/* Begin PBXFrameworksBuildPhase section */
		D101D82A2CC9DBE200D4DDF6 /* Frameworks */ = {
			isa = PBXFrameworksBuildPhase;
			buildActionMask = 2147483647;
			files = (
				D15BDB952CD532E300C9B43E /* LogManager.xcframework in Frameworks */,
			);
			runOnlyForDeploymentPostprocessing = 0;
		};
/* End PBXFrameworksBuildPhase section */

/* Begin PBXGroup section */
		D101D8232CC9DBE200D4DDF6 = {
			isa = PBXGroup;
			children = (
				D101D8392CC9DBE600D4DDF6 /* CameraManagerFrameWork */,
				D15CE1612CD51B0A00179EE2 /* Frameworks */,
				D101D82E2CC9DBE200D4DDF6 /* Products */,
			);
			sourceTree = "<group>";
		};
		D101D82E2CC9DBE200D4DDF6 /* Products */ = {
			isa = PBXGroup;
			children = (
				D101D82D2CC9DBE200D4DDF6 /* CameraManagerFrameWork.framework */,
			);
			name = Products;
			sourceTree = "<group>";
		};
		D101D8392CC9DBE600D4DDF6 /* CameraManagerFrameWork */ = {
			isa = PBXGroup;
			children = (
				D101D8382CC9DBE600D4DDF6 /* CameraManagerFrameWork.h */,
				D101D85C2CC9E86C00D4DDF6 /* CameraMananger */,
				D101D8522CC9DD4E00D4DDF6 /* Metal */,
				D101D83F2CC9DC2A00D4DDF6 /* Enum */,
				D101D8452CC9DC2A00D4DDF6 /* Protocol */,
				D1274AFB2CD47BED00D18070 /* CameraManagerFrameWork.docc */,
			);
			path = CameraManagerFrameWork;
			sourceTree = "<group>";
		};
		D101D83F2CC9DC2A00D4DDF6 /* Enum */ = {
			isa = PBXGroup;
			children = (
				D101D83D2CC9DC2A00D4DDF6 /* CameraModeEnum.swift */,
			);
			path = Enum;
			sourceTree = "<group>";
		};
		D101D8452CC9DC2A00D4DDF6 /* Protocol */ = {
			isa = PBXGroup;
			children = (
				D101D8412CC9DC2A00D4DDF6 /* CameraManagerFrameWorkDelegate.swift */,
			);
			path = Protocol;
			sourceTree = "<group>";
		};
		D101D8522CC9DD4E00D4DDF6 /* Metal */ = {
			isa = PBXGroup;
			children = (
				D1E69F062CCA34D000F01132 /* CameraMetalShader.metallib */,
				D101D89E2CCA1EFC00D4DDF6 /* CameraMetalShader.metal */,
				D101D84E2CC9DD4E00D4DDF6 /* Vertex.swift */,
				D101D84F2CC9DD4E00D4DDF6 /* CameraMetalView.swift */,
				D101D8502CC9DD4E00D4DDF6 /* MultiCameraView.swift */,
				D101D8512CC9DD4E00D4DDF6 /* UIKitViewRepresentable.swift */,
			);
			path = Metal;
			sourceTree = "<group>";
		};
		D101D85C2CC9E86C00D4DDF6 /* CameraMananger */ = {
			isa = PBXGroup;
			children = (
				D101D83B2CC9DBFD00D4DDF6 /* CameraManager.swift */,
				D101D85D2CC9E89400D4DDF6 /* CameraInterFace.swift */,
				D101D8612CC9E91A00D4DDF6 /* CameraDevice.swift */,
				D101D85F2CC9E90700D4DDF6 /* CameraRendering.swift */,
				D1241A1A2CCB8B7000812E45 /* CameraOptions.swift */,
			);
			path = CameraMananger;
			sourceTree = "<group>";
		};
		D15CE1612CD51B0A00179EE2 /* Frameworks */ = {
			isa = PBXGroup;
			children = (
				D170EDAB2CD5206700EB4FF4 /* LogManager.xcframework */,
			);
			name = Frameworks;
			sourceTree = "<group>";
		};
/* End PBXGroup section */

/* Begin PBXHeadersBuildPhase section */
		D101D8282CC9DBE200D4DDF6 /* Headers */ = {
			isa = PBXHeadersBuildPhase;
			buildActionMask = 2147483647;
			files = (
				D101D83A2CC9DBE600D4DDF6 /* CameraManagerFrameWork.h in Headers */,
			);
			runOnlyForDeploymentPostprocessing = 0;
		};
/* End PBXHeadersBuildPhase section */

/* Begin PBXNativeTarget section */
		D101D82C2CC9DBE200D4DDF6 /* CameraManagerFrameWork */ = {
			isa = PBXNativeTarget;
			buildConfigurationList = D101D8332CC9DBE200D4DDF6 /* Build configuration list for PBXNativeTarget "CameraManagerFrameWork" */;
			buildPhases = (
				D101D8282CC9DBE200D4DDF6 /* Headers */,
				D101D8292CC9DBE200D4DDF6 /* Sources */,
				D101D82A2CC9DBE200D4DDF6 /* Frameworks */,
				D101D82B2CC9DBE200D4DDF6 /* Resources */,
				D15BDB972CD532E300C9B43E /* Embed Frameworks */,
			);
			buildRules = (
			);
			dependencies = (
			);
			name = CameraManagerFrameWork;
			packageProductDependencies = (
			);
			productName = CameraManagerFrameWork;
			productReference = D101D82D2CC9DBE200D4DDF6 /* CameraManagerFrameWork.framework */;
			productType = "com.apple.product-type.framework";
		};
/* End PBXNativeTarget section */

/* Begin PBXProject section */
		D101D8242CC9DBE200D4DDF6 /* Project object */ = {
			isa = PBXProject;
			attributes = {
				BuildIndependentTargetsInParallel = 1;
				LastSwiftUpdateCheck = 1600;
				LastUpgradeCheck = 1600;
				TargetAttributes = {
					D101D82C2CC9DBE200D4DDF6 = {
						CreatedOnToolsVersion = 16.0;
						LastSwiftMigration = 1600;
					};
				};
			};
			buildConfigurationList = D101D8272CC9DBE200D4DDF6 /* Build configuration list for PBXProject "CameraManagerFrameWork" */;
			developmentRegion = en;
			hasScannedForEncodings = 0;
			knownRegions = (
				en,
				Base,
			);
			mainGroup = D101D8232CC9DBE200D4DDF6;
			minimizedProjectReferenceProxies = 1;
			packageReferences = (
			);
			preferredProjectObjectVersion = 77;
			productRefGroup = D101D82E2CC9DBE200D4DDF6 /* Products */;
			projectDirPath = "";
			projectRoot = "";
			targets = (
				D101D82C2CC9DBE200D4DDF6 /* CameraManagerFrameWork */,
			);
		};
/* End PBXProject section */

/* Begin PBXResourcesBuildPhase section */
		D101D82B2CC9DBE200D4DDF6 /* Resources */ = {
			isa = PBXResourcesBuildPhase;
			buildActionMask = 2147483647;
			files = (
				D1E69F072CCA34D000F01132 /* CameraMetalShader.metallib in Resources */,
			);
			runOnlyForDeploymentPostprocessing = 0;
		};
/* End PBXResourcesBuildPhase section */

/* Begin PBXSourcesBuildPhase section */
		D101D8292CC9DBE200D4DDF6 /* Sources */ = {
			isa = PBXSourcesBuildPhase;
			buildActionMask = 2147483647;
			files = (
				D101D85E2CC9E89400D4DDF6 /* CameraInterFace.swift in Sources */,
				D101D8602CC9E90700D4DDF6 /* CameraRendering.swift in Sources */,
				D101D8472CC9DC2A00D4DDF6 /* CameraManagerFrameWorkDelegate.swift in Sources */,
				D1241A1B2CCB8B7000812E45 /* CameraOptions.swift in Sources */,
				D101D8622CC9E91A00D4DDF6 /* CameraDevice.swift in Sources */,
				D101D84A2CC9DC2A00D4DDF6 /* CameraModeEnum.swift in Sources */,
				D101D8532CC9DD4E00D4DDF6 /* MultiCameraView.swift in Sources */,
				D101D8552CC9DD4E00D4DDF6 /* UIKitViewRepresentable.swift in Sources */,
				D101D8562CC9DD4E00D4DDF6 /* Vertex.swift in Sources */,
				D101D8572CC9DD4E00D4DDF6 /* CameraMetalView.swift in Sources */,
				D1274AFC2CD47BED00D18070 /* CameraManagerFrameWork.docc in Sources */,
				D101D83C2CC9DBFD00D4DDF6 /* CameraManager.swift in Sources */,
				D101D89F2CCA1EFC00D4DDF6 /* CameraMetalShader.metal in Sources */,
			);
			runOnlyForDeploymentPostprocessing = 0;
		};
/* End PBXSourcesBuildPhase section */

/* Begin XCBuildConfiguration section */
		D101D8342CC9DBE200D4DDF6 /* Debug */ = {
			isa = XCBuildConfiguration;
			buildSettings = {
				BUILD_LIBRARY_FOR_DISTRIBUTION = YES;
				CLANG_ENABLE_MODULES = YES;
				CODE_SIGN_STYLE = Automatic;
				CURRENT_PROJECT_VERSION = 1;
				DEFINES_MODULE = YES;
				DEVELOPMENT_ASSET_PATHS = "";
				DEVELOPMENT_TEAM = 6SCMS5NHSF;
				DOCC_HOSTING_BASE_PATH = "";
				DYLIB_COMPATIBILITY_VERSION = 1;
				DYLIB_CURRENT_VERSION = 1;
				DYLIB_INSTALL_NAME_BASE = "@rpath";
				ENABLE_MODULE_VERIFIER = YES;
				GENERATE_INFOPLIST_FILE = YES;
				INFOPLIST_KEY_NSHumanReadableCopyright = "";
				INSTALL_PATH = "$(LOCAL_LIBRARY_DIR)/Frameworks";
				IPHONEOS_DEPLOYMENT_TARGET = 14.0;
				LD_RUNPATH_SEARCH_PATHS = (
					"$(inherited)",
					"@executable_path/Frameworks",
					"@loader_path/Frameworks",
				);
				MARKETING_VERSION = 1.0;
				MODULE_VERIFIER_SUPPORTED_LANGUAGES = "objective-c objective-c++";
				MODULE_VERIFIER_SUPPORTED_LANGUAGE_STANDARDS = "gnu17 gnu++20";
				PRODUCT_BUNDLE_IDENTIFIER = cc.otis.cameraMananger.CameraManagerFrameWork;
				PRODUCT_NAME = "$(TARGET_NAME:c99extidentifier)";
				SKIP_INSTALL = NO;
				SWIFT_EMIT_LOC_STRINGS = YES;
				SWIFT_INSTALL_OBJC_HEADER = NO;
				SWIFT_OPTIMIZATION_LEVEL = "-Onone";
				SWIFT_VERSION = 5.0;
				TARGETED_DEVICE_FAMILY = "1,2";
			};
			name = Debug;
		};
		D101D8352CC9DBE200D4DDF6 /* Release */ = {
			isa = XCBuildConfiguration;
			buildSettings = {
				BUILD_LIBRARY_FOR_DISTRIBUTION = YES;
				CLANG_ENABLE_MODULES = YES;
				CODE_SIGN_STYLE = Automatic;
				CURRENT_PROJECT_VERSION = 1;
				DEFINES_MODULE = YES;
				DEVELOPMENT_ASSET_PATHS = "";
				DEVELOPMENT_TEAM = 6SCMS5NHSF;
				DOCC_HOSTING_BASE_PATH = "";
				DYLIB_COMPATIBILITY_VERSION = 1;
				DYLIB_CURRENT_VERSION = 1;
				DYLIB_INSTALL_NAME_BASE = "@rpath";
				ENABLE_MODULE_VERIFIER = YES;
				GENERATE_INFOPLIST_FILE = YES;
				INFOPLIST_KEY_NSHumanReadableCopyright = "";
				INSTALL_PATH = "$(LOCAL_LIBRARY_DIR)/Frameworks";
				IPHONEOS_DEPLOYMENT_TARGET = 14.0;
				LD_RUNPATH_SEARCH_PATHS = (
					"$(inherited)",
					"@executable_path/Frameworks",
					"@loader_path/Frameworks",
				);
				MARKETING_VERSION = 1.0;
				MODULE_VERIFIER_SUPPORTED_LANGUAGES = "objective-c objective-c++";
				MODULE_VERIFIER_SUPPORTED_LANGUAGE_STANDARDS = "gnu17 gnu++20";
				PRODUCT_BUNDLE_IDENTIFIER = cc.otis.cameraMananger.CameraManagerFrameWork;
				PRODUCT_NAME = "$(TARGET_NAME:c99extidentifier)";
				SKIP_INSTALL = NO;
				SWIFT_EMIT_LOC_STRINGS = YES;
				SWIFT_INSTALL_OBJC_HEADER = NO;
				SWIFT_VERSION = 5.0;
				TARGETED_DEVICE_FAMILY = "1,2";
			};
			name = Release;
		};
		D101D8362CC9DBE200D4DDF6 /* Debug */ = {
			isa = XCBuildConfiguration;
			buildSettings = {
				ALWAYS_SEARCH_USER_PATHS = NO;
				ASSETCATALOG_COMPILER_GENERATE_SWIFT_ASSET_SYMBOL_EXTENSIONS = YES;
				CLANG_ANALYZER_NONNULL = YES;
				CLANG_ANALYZER_NUMBER_OBJECT_CONVERSION = YES_AGGRESSIVE;
				CLANG_CXX_LANGUAGE_STANDARD = "gnu++20";
				CLANG_ENABLE_MODULES = YES;
				CLANG_ENABLE_OBJC_ARC = YES;
				CLANG_ENABLE_OBJC_WEAK = YES;
				CLANG_WARN_BLOCK_CAPTURE_AUTORELEASING = YES;
				CLANG_WARN_BOOL_CONVERSION = YES;
				CLANG_WARN_COMMA = YES;
				CLANG_WARN_CONSTANT_CONVERSION = YES;
				CLANG_WARN_DEPRECATED_OBJC_IMPLEMENTATIONS = YES;
				CLANG_WARN_DIRECT_OBJC_ISA_USAGE = YES_ERROR;
				CLANG_WARN_DOCUMENTATION_COMMENTS = YES;
				CLANG_WARN_EMPTY_BODY = YES;
				CLANG_WARN_ENUM_CONVERSION = YES;
				CLANG_WARN_INFINITE_RECURSION = YES;
				CLANG_WARN_INT_CONVERSION = YES;
				CLANG_WARN_NON_LITERAL_NULL_CONVERSION = YES;
				CLANG_WARN_OBJC_IMPLICIT_RETAIN_SELF = YES;
				CLANG_WARN_OBJC_LITERAL_CONVERSION = YES;
				CLANG_WARN_OBJC_ROOT_CLASS = YES_ERROR;
				CLANG_WARN_QUOTED_INCLUDE_IN_FRAMEWORK_HEADER = YES;
				CLANG_WARN_RANGE_LOOP_ANALYSIS = YES;
				CLANG_WARN_STRICT_PROTOTYPES = YES;
				CLANG_WARN_SUSPICIOUS_MOVE = YES;
				CLANG_WARN_UNGUARDED_AVAILABILITY = YES_AGGRESSIVE;
				CLANG_WARN_UNREACHABLE_CODE = YES;
				CLANG_WARN__DUPLICATE_METHOD_MATCH = YES;
				COPY_PHASE_STRIP = NO;
				CURRENT_PROJECT_VERSION = 1;
				DEBUG_INFORMATION_FORMAT = dwarf;
				ENABLE_STRICT_OBJC_MSGSEND = YES;
				ENABLE_TESTABILITY = YES;
				ENABLE_USER_SCRIPT_SANDBOXING = YES;
				GCC_C_LANGUAGE_STANDARD = gnu17;
				GCC_DYNAMIC_NO_PIC = NO;
				GCC_NO_COMMON_BLOCKS = YES;
				GCC_OPTIMIZATION_LEVEL = 0;
				GCC_PREPROCESSOR_DEFINITIONS = (
					"DEBUG=1",
					"$(inherited)",
				);
				GCC_WARN_64_TO_32_BIT_CONVERSION = YES;
				GCC_WARN_ABOUT_RETURN_TYPE = YES_ERROR;
				GCC_WARN_UNDECLARED_SELECTOR = YES;
				GCC_WARN_UNINITIALIZED_AUTOS = YES_AGGRESSIVE;
				GCC_WARN_UNUSED_FUNCTION = YES;
				GCC_WARN_UNUSED_VARIABLE = YES;
				IPHONEOS_DEPLOYMENT_TARGET = 18.0;
				LOCALIZATION_PREFERS_STRING_CATALOGS = YES;
				MTL_ENABLE_DEBUG_INFO = INCLUDE_SOURCE;
				MTL_FAST_MATH = YES;
				MTL_LANGUAGE_REVISION = Metal20;
				ONLY_ACTIVE_ARCH = YES;
				SDKROOT = iphoneos;
				SWIFT_ACTIVE_COMPILATION_CONDITIONS = "DEBUG $(inherited)";
				SWIFT_OPTIMIZATION_LEVEL = "-Onone";
				VERSIONING_SYSTEM = "apple-generic";
				VERSION_INFO_PREFIX = "";
			};
			name = Debug;
		};
		D101D8372CC9DBE200D4DDF6 /* Release */ = {
			isa = XCBuildConfiguration;
			buildSettings = {
				ALWAYS_SEARCH_USER_PATHS = NO;
				ASSETCATALOG_COMPILER_GENERATE_SWIFT_ASSET_SYMBOL_EXTENSIONS = YES;
				CLANG_ANALYZER_NONNULL = YES;
				CLANG_ANALYZER_NUMBER_OBJECT_CONVERSION = YES_AGGRESSIVE;
				CLANG_CXX_LANGUAGE_STANDARD = "gnu++20";
				CLANG_ENABLE_MODULES = YES;
				CLANG_ENABLE_OBJC_ARC = YES;
				CLANG_ENABLE_OBJC_WEAK = YES;
				CLANG_WARN_BLOCK_CAPTURE_AUTORELEASING = YES;
				CLANG_WARN_BOOL_CONVERSION = YES;
				CLANG_WARN_COMMA = YES;
				CLANG_WARN_CONSTANT_CONVERSION = YES;
				CLANG_WARN_DEPRECATED_OBJC_IMPLEMENTATIONS = YES;
				CLANG_WARN_DIRECT_OBJC_ISA_USAGE = YES_ERROR;
				CLANG_WARN_DOCUMENTATION_COMMENTS = YES;
				CLANG_WARN_EMPTY_BODY = YES;
				CLANG_WARN_ENUM_CONVERSION = YES;
				CLANG_WARN_INFINITE_RECURSION = YES;
				CLANG_WARN_INT_CONVERSION = YES;
				CLANG_WARN_NON_LITERAL_NULL_CONVERSION = YES;
				CLANG_WARN_OBJC_IMPLICIT_RETAIN_SELF = YES;
				CLANG_WARN_OBJC_LITERAL_CONVERSION = YES;
				CLANG_WARN_OBJC_ROOT_CLASS = YES_ERROR;
				CLANG_WARN_QUOTED_INCLUDE_IN_FRAMEWORK_HEADER = YES;
				CLANG_WARN_RANGE_LOOP_ANALYSIS = YES;
				CLANG_WARN_STRICT_PROTOTYPES = YES;
				CLANG_WARN_SUSPICIOUS_MOVE = YES;
				CLANG_WARN_UNGUARDED_AVAILABILITY = YES_AGGRESSIVE;
				CLANG_WARN_UNREACHABLE_CODE = YES;
				CLANG_WARN__DUPLICATE_METHOD_MATCH = YES;
				COPY_PHASE_STRIP = NO;
				CURRENT_PROJECT_VERSION = 1;
				DEBUG_INFORMATION_FORMAT = "dwarf-with-dsym";
				ENABLE_NS_ASSERTIONS = NO;
				ENABLE_STRICT_OBJC_MSGSEND = YES;
				ENABLE_USER_SCRIPT_SANDBOXING = YES;
				GCC_C_LANGUAGE_STANDARD = gnu17;
				GCC_NO_COMMON_BLOCKS = YES;
				GCC_WARN_64_TO_32_BIT_CONVERSION = YES;
				GCC_WARN_ABOUT_RETURN_TYPE = YES_ERROR;
				GCC_WARN_UNDECLARED_SELECTOR = YES;
				GCC_WARN_UNINITIALIZED_AUTOS = YES_AGGRESSIVE;
				GCC_WARN_UNUSED_FUNCTION = YES;
				GCC_WARN_UNUSED_VARIABLE = YES;
				IPHONEOS_DEPLOYMENT_TARGET = 18.0;
				LOCALIZATION_PREFERS_STRING_CATALOGS = YES;
				MTL_ENABLE_DEBUG_INFO = NO;
				MTL_FAST_MATH = YES;
				MTL_LANGUAGE_REVISION = Metal20;
				SDKROOT = iphoneos;
				SWIFT_COMPILATION_MODE = wholemodule;
				VALIDATE_PRODUCT = YES;
				VERSIONING_SYSTEM = "apple-generic";
				VERSION_INFO_PREFIX = "";
			};
			name = Release;
		};
/* End XCBuildConfiguration section */

/* Begin XCConfigurationList section */
		D101D8272CC9DBE200D4DDF6 /* Build configuration list for PBXProject "CameraManagerFrameWork" */ = {
			isa = XCConfigurationList;
			buildConfigurations = (
				D101D8362CC9DBE200D4DDF6 /* Debug */,
				D101D8372CC9DBE200D4DDF6 /* Release */,
			);
			defaultConfigurationIsVisible = 0;
			defaultConfigurationName = Release;
		};
		D101D8332CC9DBE200D4DDF6 /* Build configuration list for PBXNativeTarget "CameraManagerFrameWork" */ = {
			isa = XCConfigurationList;
			buildConfigurations = (
				D101D8342CC9DBE200D4DDF6 /* Debug */,
				D101D8352CC9DBE200D4DDF6 /* Release */,
			);
			defaultConfigurationIsVisible = 0;
			defaultConfigurationName = Release;
		};
/* End XCConfigurationList section */
	};
	rootObject = D101D8242CC9DBE200D4DDF6 /* Project object */;
}
